// !$*UTF8*$!
{
	archiveVersion = 1;
	classes = {
	};
	objectVersion = 46;
	objects = {

/* Begin PBXFileReference section */
		9AE31DFB1D1DF8560059B07D /* debugMsgs.h */ = {isa = PBXFileReference; fileEncoding = 4; lastKnownFileType = sourcecode.c.h; name = debugMsgs.h; path = ../misc/debugMsgs.h; sourceTree = "<group>"; };
		9AE31DFC1D1DF8560059B07D /* poptUtils.h */ = {isa = PBXFileReference; fileEncoding = 4; lastKnownFileType = sourcecode.c.h; name = poptUtils.h; path = ../misc/poptUtils.h; sourceTree = "<group>"; };
		9AE6599E1D1DCEC80063EA69 /* configure.ac */ = {isa = PBXFileReference; fileEncoding = 4; lastKnownFileType = text; path = configure.ac; sourceTree = "<group>"; };
		9AE6599F1D1DCEC80063EA69 /* bootstrap */ = {isa = PBXFileReference; fileEncoding = 4; lastKnownFileType = text.script.sh; path = bootstrap; sourceTree = "<group>"; };
		9AE659A01D1DCEC80063EA69 /* LICENSE */ = {isa = PBXFileReference; fileEncoding = 4; lastKnownFileType = text; path = LICENSE; sourceTree = "<group>"; };
		9AE659A11D1DCEC80063EA69 /* Makefile.am */ = {isa = PBXFileReference; fileEncoding = 4; lastKnownFileType = text; path = Makefile.am; sourceTree = "<group>"; };
		9AE659A21D1DCEC80063EA69 /* README.md */ = {isa = PBXFileReference; fileEncoding = 4; lastKnownFileType = net.daringfireball.markdown; path = README.md; sourceTree = "<group>"; };
		9AE659A31D1DCEC80063EA69 /* Makefile.am */ = {isa = PBXFileReference; fileEncoding = 4; lastKnownFileType = text; name = Makefile.am; path = src/Makefile.am; sourceTree = "<group>"; };
		9AE659A41D1DCEC80063EA69 /* datatime.cpp */ = {isa = PBXFileReference; fileEncoding = 4; lastKnownFileType = sourcecode.cpp.cpp; name = datatime.cpp; path = src/datatime.cpp; sourceTree = "<group>"; };
/* End PBXFileReference section */

/* Begin PBXGroup section */
		9AE31DFD1D1DF85A0059B07D /* misc */ = {
			isa = PBXGroup;
			children = (
				9AE31DFB1D1DF8560059B07D /* debugMsgs.h */,
				9AE31DFC1D1DF8560059B07D /* poptUtils.h */,
			);
			name = misc;
			sourceTree = "<group>";
		};
		9AE659931D1DCE660063EA69 = {
			isa = PBXGroup;
			children = (
				9AE6599E1D1DCEC80063EA69 /* configure.ac */,
				9AE6599F1D1DCEC80063EA69 /* bootstrap */,
				9AE659A01D1DCEC80063EA69 /* LICENSE */,
				9AE659A11D1DCEC80063EA69 /* Makefile.am */,
				9AE659A21D1DCEC80063EA69 /* README.md */,
				9AE31DFD1D1DF85A0059B07D /* misc */,
				9AE659A51D1DCFE60063EA69 /* src */,
			);
			sourceTree = "<group>";
		};
		9AE659A51D1DCFE60063EA69 /* src */ = {
			isa = PBXGroup;
			children = (
				9AE659A31D1DCEC80063EA69 /* Makefile.am */,
				9AE659A41D1DCEC80063EA69 /* datatime.cpp */,
			);
			name = src;
			sourceTree = "<group>";
		};
/* End PBXGroup section */

/* Begin PBXLegacyTarget section */
		9A3479061D29560C004CA80C /* README.html */ = {
			isa = PBXLegacyTarget;
			buildArgumentsString = "-o README.html README.md";
			buildConfigurationList = 9A3479091D29560C004CA80C /* Build configuration list for PBXLegacyTarget "README.html" */;
			buildPhases = (
			);
			buildToolPath = /opt/local/bin/multimarkdown;
			buildWorkingDirectory = "";
			dependencies = (
			);
			name = README.html;
			passBuildSettingsInEnvironment = 1;
			productName = README.html;
		};
		9AE659981D1DCE660063EA69 /* datatime */ = {
			isa = PBXLegacyTarget;
			buildArgumentsString = "$(ACTION)";
			buildConfigurationList = 9AE6599B1D1DCE660063EA69 /* Build configuration list for PBXLegacyTarget "datatime" */;
			buildPhases = (
			);
			buildToolPath = /usr/bin/make;
			buildWorkingDirectory = "";
			dependencies = (
			);
			name = datatime;
			passBuildSettingsInEnvironment = 1;
			productName = eventCorrelator;
		};
/* End PBXLegacyTarget section */

/* Begin PBXProject section */
		9AE659941D1DCE660063EA69 /* Project object */ = {
			isa = PBXProject;
			attributes = {
				LastUpgradeCheck = 0720;
				ORGANIZATIONNAME = "Matt Kucenski";
				TargetAttributes = {
					9A3479061D29560C004CA80C = {
						CreatedOnToolsVersion = 7.2;
					};
					9AE659981D1DCE660063EA69 = {
						CreatedOnToolsVersion = 7.2;
					};
				};
			};
			buildConfigurationList = 9AE659971D1DCE660063EA69 /* Build configuration list for PBXProject "datatime" */;
			compatibilityVersion = "Xcode 3.2";
			developmentRegion = English;
			hasScannedForEncodings = 0;
			knownRegions = (
				en,
			);
			mainGroup = 9AE659931D1DCE660063EA69;
			projectDirPath = "";
			projectRoot = "";
			targets = (
				9AE659981D1DCE660063EA69 /* datatime */,
				9A3479061D29560C004CA80C /* README.html */,
			);
		};
/* End PBXProject section */

/* Begin XCBuildConfiguration section */
		9A3479071D29560C004CA80C /* Debug */ = {
			isa = XCBuildConfiguration;
			buildSettings = {
				DEBUGGING_SYMBOLS = YES;
				DEBUG_INFORMATION_FORMAT = dwarf;
				GCC_GENERATE_DEBUGGING_SYMBOLS = YES;
				GCC_OPTIMIZATION_LEVEL = 0;
				OTHER_CFLAGS = "";
				OTHER_LDFLAGS = "";
				PRODUCT_NAME = "$(TARGET_NAME)";
			};
			name = Debug;
		};
		9A3479081D29560C004CA80C /* Release */ = {
			isa = XCBuildConfiguration;
			buildSettings = {
				DEBUG_INFORMATION_FORMAT = "dwarf-with-dsym";
				OTHER_CFLAGS = "";
				OTHER_LDFLAGS = "";
				PRODUCT_NAME = "$(TARGET_NAME)";
			};
			name = Release;
		};
		9AE659991D1DCE660063EA69 /* Debug */ = {
			isa = XCBuildConfiguration;
			buildSettings = {
				ALWAYS_SEARCH_USER_PATHS = NO;
				CLANG_CXX_LANGUAGE_STANDARD = "gnu++0x";
				CLANG_CXX_LIBRARY = "libc++";
				CLANG_ENABLE_MODULES = YES;
				CLANG_ENABLE_OBJC_ARC = YES;
				CLANG_WARN_BOOL_CONVERSION = YES;
				CLANG_WARN_CONSTANT_CONVERSION = YES;
				CLANG_WARN_DIRECT_OBJC_ISA_USAGE = YES_ERROR;
				CLANG_WARN_EMPTY_BODY = YES;
				CLANG_WARN_ENUM_CONVERSION = YES;
				CLANG_WARN_INT_CONVERSION = YES;
				CLANG_WARN_OBJC_ROOT_CLASS = YES_ERROR;
				CLANG_WARN_UNREACHABLE_CODE = YES;
				CLANG_WARN__DUPLICATE_METHOD_MATCH = YES;
				COPY_PHASE_STRIP = NO;
				DEBUG_INFORMATION_FORMAT = dwarf;
				ENABLE_STRICT_OBJC_MSGSEND = YES;
				ENABLE_TESTABILITY = YES;
				GCC_C_LANGUAGE_STANDARD = gnu99;
				GCC_DYNAMIC_NO_PIC = NO;
				GCC_NO_COMMON_BLOCKS = YES;
				GCC_OPTIMIZATION_LEVEL = 0;
				GCC_PREPROCESSOR_DEFINITIONS = (
					"DEBUG=1",
					"$(inherited)",
				);
				GCC_WARN_64_TO_32_BIT_CONVERSION = YES;
				GCC_WARN_ABOUT_RETURN_TYPE = YES_ERROR;
				GCC_WARN_UNDECLARED_SELECTOR = YES;
				GCC_WARN_UNINITIALIZED_AUTOS = YES_AGGRESSIVE;
				GCC_WARN_UNUSED_FUNCTION = YES;
				GCC_WARN_UNUSED_VARIABLE = YES;
				MTL_ENABLE_DEBUG_INFO = YES;
				ONLY_ACTIVE_ARCH = YES;
			};
			name = Debug;
		};
		9AE6599A1D1DCE660063EA69 /* Release */ = {
			isa = XCBuildConfiguration;
			buildSettings = {
				ALWAYS_SEARCH_USER_PATHS = NO;
				CLANG_CXX_LANGUAGE_STANDARD = "gnu++0x";
				CLANG_CXX_LIBRARY = "libc++";
				CLANG_ENABLE_MODULES = YES;
				CLANG_ENABLE_OBJC_ARC = YES;
				CLANG_WARN_BOOL_CONVERSION = YES;
				CLANG_WARN_CONSTANT_CONVERSION = YES;
				CLANG_WARN_DIRECT_OBJC_ISA_USAGE = YES_ERROR;
				CLANG_WARN_EMPTY_BODY = YES;
				CLANG_WARN_ENUM_CONVERSION = YES;
				CLANG_WARN_INT_CONVERSION = YES;
				CLANG_WARN_OBJC_ROOT_CLASS = YES_ERROR;
				CLANG_WARN_UNREACHABLE_CODE = YES;
				CLANG_WARN__DUPLICATE_METHOD_MATCH = YES;
				COPY_PHASE_STRIP = NO;
				DEBUG_INFORMATION_FORMAT = "dwarf-with-dsym";
				ENABLE_NS_ASSERTIONS = NO;
				ENABLE_STRICT_OBJC_MSGSEND = YES;
				GCC_C_LANGUAGE_STANDARD = gnu99;
				GCC_NO_COMMON_BLOCKS = YES;
				GCC_WARN_64_TO_32_BIT_CONVERSION = YES;
				GCC_WARN_ABOUT_RETURN_TYPE = YES_ERROR;
				GCC_WARN_UNDECLARED_SELECTOR = YES;
				GCC_WARN_UNINITIALIZED_AUTOS = YES_AGGRESSIVE;
				GCC_WARN_UNUSED_FUNCTION = YES;
				GCC_WARN_UNUSED_VARIABLE = YES;
				MTL_ENABLE_DEBUG_INFO = NO;
			};
			name = Release;
		};
		9AE6599C1D1DCE660063EA69 /* Debug */ = {
			isa = XCBuildConfiguration;
			buildSettings = {
				DEBUGGING_SYMBOLS = YES;
				DEBUG_INFORMATION_FORMAT = dwarf;
				GCC_GENERATE_DEBUGGING_SYMBOLS = YES;
				GCC_OPTIMIZATION_LEVEL = 0;
				OTHER_CFLAGS = "";
				OTHER_LDFLAGS = "";
				PRODUCT_NAME = "$(TARGET_NAME)";
			};
			name = Debug;
		};
		9AE6599D1D1DCE660063EA69 /* Release */ = {
			isa = XCBuildConfiguration;
			buildSettings = {
				DEBUG_INFORMATION_FORMAT = "dwarf-with-dsym";
				OTHER_CFLAGS = "";
				OTHER_LDFLAGS = "";
				PRODUCT_NAME = "$(TARGET_NAME)";
			};
			name = Release;
		};
/* End XCBuildConfiguration section */

/* Begin XCConfigurationList section */
		9A3479091D29560C004CA80C /* Build configuration list for PBXLegacyTarget "README.html" */ = {
			isa = XCConfigurationList;
			buildConfigurations = (
				9A3479071D29560C004CA80C /* Debug */,
				9A3479081D29560C004CA80C /* Release */,
			);
			defaultConfigurationIsVisible = 0;
		};
		9AE659971D1DCE660063EA69 /* Build configuration list for PBXProject "datatime" */ = {
			isa = XCConfigurationList;
			buildConfigurations = (
				9AE659991D1DCE660063EA69 /* Debug */,
				9AE6599A1D1DCE660063EA69 /* Release */,
			);
			defaultConfigurationIsVisible = 0;
			defaultConfigurationName = Release;
		};
		9AE6599B1D1DCE660063EA69 /* Build configuration list for PBXLegacyTarget "datatime" */ = {
			isa = XCConfigurationList;
			buildConfigurations = (
				9AE6599C1D1DCE660063EA69 /* Debug */,
				9AE6599D1D1DCE660063EA69 /* Release */,
			);
			defaultConfigurationIsVisible = 0;
			defaultConfigurationName = Release;
		};
/* End XCConfigurationList section */
	};
	rootObject = 9AE659941D1DCE660063EA69 /* Project object */;
}
